
Microsoft Visual Studio Solution File, Format Version 12.00
# Visual Studio Version 17
VisualStudioVersion = 17.8.34330.188
MinimumVisualStudioVersion = 10.0.40219.1
Project("{9A19103F-16F7-4668-BE54-9A1E7A4F7556}") = "DfccilRecruitmentStudentPortal", "DfccilRecruitmentStudentPortal\DfccilRecruitmentStudentPortal.csproj", "{6989441E-4EC4-4E96-A528-FF2F87173ED6}"
EndProject
Global
	GlobalSection(SolutionConfigurationPlatforms) = preSolution
		Debug|Any CPU = Debug|Any CPU
		Release|Any CPU = Release|Any CPU
	EndGlobalSection
	GlobalSection(ProjectConfigurationPlatforms) = postSolution
		{6989441E-4EC4-4E96-A528-FF2F87173ED6}.Debug|Any CPU.ActiveCfg = Debug|Any CPU
		{6989441E-4EC4-4E96-A528-FF2F87173ED6}.Debug|Any CPU.Build.0 = Debug|Any CPU
		{6989441E-4EC4-4E96-A528-FF2F87173ED6}.Release|Any CPU.ActiveCfg = Release|Any CPU
		{6989441E-4EC4-4E96-A528-FF2F87173ED6}.Release|Any CPU.Build.0 = Release|Any CPU
	EndGlobalSection
	GlobalSection(SolutionProperties) = preSolution
		HideSolutionNode = FALSE
	EndGlobalSection
	GlobalSection(ExtensibilityGlobals) = postSolution
		SolutionGuid = {930C0336-B16C-410D-BC82-E6D6FCE8BAE9}
	EndGlobalSection
EndGlobal
